
Microsoft Visual Studio Solution File, Format Version 12.00
# Visual Studio 14
VisualStudioVersion = 14.0.25420.1
MinimumVisualStudioVersion = 10.0.40219.1
Project("{FAE04EC0-301F-11D3-BF4B-00C04F79EFBC}") = "EM_PORTABLE.Droid", "CSU_PORTABLE\CSU_PORTABLE.Droid\EM_PORTABLE.Droid.csproj", "{6C4E8D25-E2B1-4061-B0CD-6CCDC91FA8B7}"
EndProject
Project("{FAE04EC0-301F-11D3-BF4B-00C04F79EFBC}") = "EM_PORTABLE.iOS", "CSU_PORTABLE\CSU_PORTABLE.iOS\EM_PORTABLE.iOS.csproj", "{460B6B9C-3F0B-4E8D-B0C9-27E5BBA7DF31}"
EndProject
Project("{FAE04EC0-301F-11D3-BF4B-00C04F79EFBC}") = "CSU_PORTABLE.WinPhone", "CSU_PORTABLE\CSU_PORTABLE.WinPhone\CSU_PORTABLE.WinPhone.csproj", "{6C4CD460-7CFD-4F22-95E3-224C14679D37}"
EndProject
Project("{FAE04EC0-301F-11D3-BF4B-00C04F79EFBC}") = "CSU_PORTABLE", "CSU_PORTABLE\CSU_PORTABLE\CSU_PORTABLE.csproj", "{2B27BCC5-E18A-4FDF-A398-3BC318ABF9F1}"
EndProject
Global
	GlobalSection(SolutionConfigurationPlatforms) = preSolution
		Debug|Any CPU = Debug|Any CPU
		Debug|ARM = Debug|ARM
		Debug|iPhone = Debug|iPhone
		Debug|iPhoneSimulator = Debug|iPhoneSimulator
		Debug|x86 = Debug|x86
		Release|Any CPU = Release|Any CPU
		Release|ARM = Release|ARM
		Release|iPhone = Release|iPhone
		Release|iPhoneSimulator = Release|iPhoneSimulator
		Release|x86 = Release|x86
	EndGlobalSection
	GlobalSection(ProjectConfigurationPlatforms) = postSolution
		{6C4E8D25-E2B1-4061-B0CD-6CCDC91FA8B7}.Debug|Any CPU.ActiveCfg = Debug|Any CPU
		{6C4E8D25-E2B1-4061-B0CD-6CCDC91FA8B7}.Debug|Any CPU.Build.0 = Debug|Any CPU
		{6C4E8D25-E2B1-4061-B0CD-6CCDC91FA8B7}.Debug|Any CPU.Deploy.0 = Debug|Any CPU
		{6C4E8D25-E2B1-4061-B0CD-6CCDC91FA8B7}.Debug|ARM.ActiveCfg = Debug|Any CPU
		{6C4E8D25-E2B1-4061-B0CD-6CCDC91FA8B7}.Debug|ARM.Build.0 = Debug|Any CPU
		{6C4E8D25-E2B1-4061-B0CD-6CCDC91FA8B7}.Debug|ARM.Deploy.0 = Debug|Any CPU
		{6C4E8D25-E2B1-4061-B0CD-6CCDC91FA8B7}.Debug|iPhone.ActiveCfg = Debug|Any CPU
		{6C4E8D25-E2B1-4061-B0CD-6CCDC91FA8B7}.Debug|iPhone.Build.0 = Debug|Any CPU
		{6C4E8D25-E2B1-4061-B0CD-6CCDC91FA8B7}.Debug|iPhone.Deploy.0 = Debug|Any CPU
		{6C4E8D25-E2B1-4061-B0CD-6CCDC91FA8B7}.Debug|iPhoneSimulator.ActiveCfg = Debug|Any CPU
		{6C4E8D25-E2B1-4061-B0CD-6CCDC91FA8B7}.Debug|iPhoneSimulator.Build.0 = Debug|Any CPU
		{6C4E8D25-E2B1-4061-B0CD-6CCDC91FA8B7}.Debug|iPhoneSimulator.Deploy.0 = Debug|Any CPU
		{6C4E8D25-E2B1-4061-B0CD-6CCDC91FA8B7}.Debug|x86.ActiveCfg = Debug|Any CPU
		{6C4E8D25-E2B1-4061-B0CD-6CCDC91FA8B7}.Debug|x86.Build.0 = Debug|Any CPU
		{6C4E8D25-E2B1-4061-B0CD-6CCDC91FA8B7}.Debug|x86.Deploy.0 = Debug|Any CPU
		{6C4E8D25-E2B1-4061-B0CD-6CCDC91FA8B7}.Release|Any CPU.ActiveCfg = Release|Any CPU
		{6C4E8D25-E2B1-4061-B0CD-6CCDC91FA8B7}.Release|Any CPU.Build.0 = Release|Any CPU
		{6C4E8D25-E2B1-4061-B0CD-6CCDC91FA8B7}.Release|Any CPU.Deploy.0 = Release|Any CPU
		{6C4E8D25-E2B1-4061-B0CD-6CCDC91FA8B7}.Release|ARM.ActiveCfg = Release|Any CPU
		{6C4E8D25-E2B1-4061-B0CD-6CCDC91FA8B7}.Release|ARM.Build.0 = Release|Any CPU
		{6C4E8D25-E2B1-4061-B0CD-6CCDC91FA8B7}.Release|ARM.Deploy.0 = Release|Any CPU
		{6C4E8D25-E2B1-4061-B0CD-6CCDC91FA8B7}.Release|iPhone.ActiveCfg = Release|Any CPU
		{6C4E8D25-E2B1-4061-B0CD-6CCDC91FA8B7}.Release|iPhone.Build.0 = Release|Any CPU
		{6C4E8D25-E2B1-4061-B0CD-6CCDC91FA8B7}.Release|iPhone.Deploy.0 = Release|Any CPU
		{6C4E8D25-E2B1-4061-B0CD-6CCDC91FA8B7}.Release|iPhoneSimulator.ActiveCfg = Release|Any CPU
		{6C4E8D25-E2B1-4061-B0CD-6CCDC91FA8B7}.Release|iPhoneSimulator.Build.0 = Release|Any CPU
		{6C4E8D25-E2B1-4061-B0CD-6CCDC91FA8B7}.Release|iPhoneSimulator.Deploy.0 = Release|Any CPU
		{6C4E8D25-E2B1-4061-B0CD-6CCDC91FA8B7}.Release|x86.ActiveCfg = Release|Any CPU
		{6C4E8D25-E2B1-4061-B0CD-6CCDC91FA8B7}.Release|x86.Build.0 = Release|Any CPU
		{6C4E8D25-E2B1-4061-B0CD-6CCDC91FA8B7}.Release|x86.Deploy.0 = Release|Any CPU
		{460B6B9C-3F0B-4E8D-B0C9-27E5BBA7DF31}.Debug|Any CPU.ActiveCfg = Debug|iPhone
		{460B6B9C-3F0B-4E8D-B0C9-27E5BBA7DF31}.Debug|ARM.ActiveCfg = Debug|iPhone
		{460B6B9C-3F0B-4E8D-B0C9-27E5BBA7DF31}.Debug|iPhone.ActiveCfg = Debug|iPhone
		{460B6B9C-3F0B-4E8D-B0C9-27E5BBA7DF31}.Debug|iPhone.Build.0 = Debug|iPhone
		{460B6B9C-3F0B-4E8D-B0C9-27E5BBA7DF31}.Debug|iPhoneSimulator.ActiveCfg = Debug|iPhoneSimulator
		{460B6B9C-3F0B-4E8D-B0C9-27E5BBA7DF31}.Debug|iPhoneSimulator.Build.0 = Debug|iPhoneSimulator
		{460B6B9C-3F0B-4E8D-B0C9-27E5BBA7DF31}.Debug|x86.ActiveCfg = Debug|iPhone
		{460B6B9C-3F0B-4E8D-B0C9-27E5BBA7DF31}.Release|Any CPU.ActiveCfg = Release|iPhone
		{460B6B9C-3F0B-4E8D-B0C9-27E5BBA7DF31}.Release|ARM.ActiveCfg = Release|iPhone
		{460B6B9C-3F0B-4E8D-B0C9-27E5BBA7DF31}.Release|iPhone.ActiveCfg = Release|iPhone
		{460B6B9C-3F0B-4E8D-B0C9-27E5BBA7DF31}.Release|iPhone.Build.0 = Release|iPhone
		{460B6B9C-3F0B-4E8D-B0C9-27E5BBA7DF31}.Release|iPhoneSimulator.ActiveCfg = Release|iPhoneSimulator
		{460B6B9C-3F0B-4E8D-B0C9-27E5BBA7DF31}.Release|iPhoneSimulator.Build.0 = Release|iPhoneSimulator
		{460B6B9C-3F0B-4E8D-B0C9-27E5BBA7DF31}.Release|x86.ActiveCfg = Release|iPhone
		{6C4CD460-7CFD-4F22-95E3-224C14679D37}.Debug|Any CPU.ActiveCfg = Debug|Any CPU
		{6C4CD460-7CFD-4F22-95E3-224C14679D37}.Debug|Any CPU.Build.0 = Debug|Any CPU
		{6C4CD460-7CFD-4F22-95E3-224C14679D37}.Debug|Any CPU.Deploy.0 = Debug|Any CPU
		{6C4CD460-7CFD-4F22-95E3-224C14679D37}.Debug|ARM.ActiveCfg = Debug|ARM
		{6C4CD460-7CFD-4F22-95E3-224C14679D37}.Debug|ARM.Build.0 = Debug|ARM
		{6C4CD460-7CFD-4F22-95E3-224C14679D37}.Debug|ARM.Deploy.0 = Debug|ARM
		{6C4CD460-7CFD-4F22-95E3-224C14679D37}.Debug|iPhone.ActiveCfg = Debug|Any CPU
		{6C4CD460-7CFD-4F22-95E3-224C14679D37}.Debug|iPhone.Build.0 = Debug|Any CPU
		{6C4CD460-7CFD-4F22-95E3-224C14679D37}.Debug|iPhone.Deploy.0 = Debug|Any CPU
		{6C4CD460-7CFD-4F22-95E3-224C14679D37}.Debug|iPhoneSimulator.ActiveCfg = Debug|Any CPU
		{6C4CD460-7CFD-4F22-95E3-224C14679D37}.Debug|iPhoneSimulator.Build.0 = Debug|Any CPU
		{6C4CD460-7CFD-4F22-95E3-224C14679D37}.Debug|iPhoneSimulator.Deploy.0 = Debug|Any CPU
		{6C4CD460-7CFD-4F22-95E3-224C14679D37}.Debug|x86.ActiveCfg = Debug|x86
		{6C4CD460-7CFD-4F22-95E3-224C14679D37}.Debug|x86.Build.0 = Debug|x86
		{6C4CD460-7CFD-4F22-95E3-224C14679D37}.Debug|x86.Deploy.0 = Debug|x86
		{6C4CD460-7CFD-4F22-95E3-224C14679D37}.Release|Any CPU.ActiveCfg = Release|Any CPU
		{6C4CD460-7CFD-4F22-95E3-224C14679D37}.Release|Any CPU.Build.0 = Release|Any CPU
		{6C4CD460-7CFD-4F22-95E3-224C14679D37}.Release|Any CPU.Deploy.0 = Release|Any CPU
		{6C4CD460-7CFD-4F22-95E3-224C14679D37}.Release|ARM.ActiveCfg = Release|ARM
		{6C4CD460-7CFD-4F22-95E3-224C14679D37}.Release|ARM.Build.0 = Release|ARM
		{6C4CD460-7CFD-4F22-95E3-224C14679D37}.Release|ARM.Deploy.0 = Release|ARM
		{6C4CD460-7CFD-4F22-95E3-224C14679D37}.Release|iPhone.ActiveCfg = Release|Any CPU
		{6C4CD460-7CFD-4F22-95E3-224C14679D37}.Release|iPhone.Build.0 = Release|Any CPU
		{6C4CD460-7CFD-4F22-95E3-224C14679D37}.Release|iPhone.Deploy.0 = Release|Any CPU
		{6C4CD460-7CFD-4F22-95E3-224C14679D37}.Release|iPhoneSimulator.ActiveCfg = Release|Any CPU
		{6C4CD460-7CFD-4F22-95E3-224C14679D37}.Release|iPhoneSimulator.Build.0 = Release|Any CPU
		{6C4CD460-7CFD-4F22-95E3-224C14679D37}.Release|iPhoneSimulator.Deploy.0 = Release|Any CPU
		{6C4CD460-7CFD-4F22-95E3-224C14679D37}.Release|x86.ActiveCfg = Release|x86
		{6C4CD460-7CFD-4F22-95E3-224C14679D37}.Release|x86.Build.0 = Release|x86
		{6C4CD460-7CFD-4F22-95E3-224C14679D37}.Release|x86.Deploy.0 = Release|x86
		{2B27BCC5-E18A-4FDF-A398-3BC318ABF9F1}.Debug|Any CPU.ActiveCfg = Debug|Any CPU
		{2B27BCC5-E18A-4FDF-A398-3BC318ABF9F1}.Debug|Any CPU.Build.0 = Debug|Any CPU
		{2B27BCC5-E18A-4FDF-A398-3BC318ABF9F1}.Debug|ARM.ActiveCfg = Debug|Any CPU
		{2B27BCC5-E18A-4FDF-A398-3BC318ABF9F1}.Debug|ARM.Build.0 = Debug|Any CPU
		{2B27BCC5-E18A-4FDF-A398-3BC318ABF9F1}.Debug|iPhone.ActiveCfg = Debug|Any CPU
		{2B27BCC5-E18A-4FDF-A398-3BC318ABF9F1}.Debug|iPhone.Build.0 = Debug|Any CPU
		{2B27BCC5-E18A-4FDF-A398-3BC318ABF9F1}.Debug|iPhoneSimulator.ActiveCfg = Debug|Any CPU
		{2B27BCC5-E18A-4FDF-A398-3BC318ABF9F1}.Debug|iPhoneSimulator.Build.0 = Debug|Any CPU
		{2B27BCC5-E18A-4FDF-A398-3BC318ABF9F1}.Debug|x86.ActiveCfg = Debug|Any CPU
		{2B27BCC5-E18A-4FDF-A398-3BC318ABF9F1}.Debug|x86.Build.0 = Debug|Any CPU
		{2B27BCC5-E18A-4FDF-A398-3BC318ABF9F1}.Release|Any CPU.ActiveCfg = Release|Any CPU
		{2B27BCC5-E18A-4FDF-A398-3BC318ABF9F1}.Release|Any CPU.Build.0 = Release|Any CPU
		{2B27BCC5-E18A-4FDF-A398-3BC318ABF9F1}.Release|ARM.ActiveCfg = Release|Any CPU
		{2B27BCC5-E18A-4FDF-A398-3BC318ABF9F1}.Release|ARM.Build.0 = Release|Any CPU
		{2B27BCC5-E18A-4FDF-A398-3BC318ABF9F1}.Release|iPhone.ActiveCfg = Release|Any CPU
		{2B27BCC5-E18A-4FDF-A398-3BC318ABF9F1}.Release|iPhone.Build.0 = Release|Any CPU
		{2B27BCC5-E18A-4FDF-A398-3BC318ABF9F1}.Release|iPhoneSimulator.ActiveCfg = Release|Any CPU
		{2B27BCC5-E18A-4FDF-A398-3BC318ABF9F1}.Release|iPhoneSimulator.Build.0 = Release|Any CPU
		{2B27BCC5-E18A-4FDF-A398-3BC318ABF9F1}.Release|x86.ActiveCfg = Release|Any CPU
		{2B27BCC5-E18A-4FDF-A398-3BC318ABF9F1}.Release|x86.Build.0 = Release|Any CPU
	EndGlobalSection
	GlobalSection(SolutionProperties) = preSolution
		HideSolutionNode = FALSE
	EndGlobalSection
EndGlobal
