
Microsoft Visual Studio Solution File, Format Version 12.00
# Visual Studio 14
VisualStudioVersion = 14.0.25420.1
MinimumVisualStudioVersion = 10.0.40219.1
Project("{FAE04EC0-301F-11D3-BF4B-00C04F79EFBC}") = "CSU_APP", "CSU_APP\CSU_APP\CSU_APP.csproj", "{FA8AD56A-5DC1-4FB9-AE72-FD36B6C5710C}"
EndProject
Project("{FAE04EC0-301F-11D3-BF4B-00C04F79EFBC}") = "CSU_APP.Droid", "CSU_APP\CSU_APP.Droid\CSU_APP.Droid.csproj", "{1154F0F5-3AD5-4363-B5DC-BD2FAD471C76}"
EndProject
Project("{FAE04EC0-301F-11D3-BF4B-00C04F79EFBC}") = "CSU_APP.iOS", "CSU_APP\CSU_APP.iOS\CSU_APP.iOS.csproj", "{3E685F73-F60D-44D4-BCE8-EDB78A50ADE4}"
EndProject
Project("{FAE04EC0-301F-11D3-BF4B-00C04F79EFBC}") = "CSU_APP.WinPhone", "CSU_APP\CSU_APP.WinPhone\CSU_APP.WinPhone.csproj", "{D843B3FE-DEC4-4940-B0A4-12B8A9731812}"
EndProject
Project("{FAE04EC0-301F-11D3-BF4B-00C04F79EFBC}") = "CSU_APP.Windows", "CSU_APP\CSU_APP.Windows\CSU_APP.Windows.csproj", "{DF6B14E5-9082-4925-B028-BE202F69F43D}"
EndProject
Global
	GlobalSection(SolutionConfigurationPlatforms) = preSolution
		Ad-Hoc|Any CPU = Ad-Hoc|Any CPU
		Ad-Hoc|ARM = Ad-Hoc|ARM
		Ad-Hoc|iPhone = Ad-Hoc|iPhone
		Ad-Hoc|iPhoneSimulator = Ad-Hoc|iPhoneSimulator
		Ad-Hoc|x64 = Ad-Hoc|x64
		Ad-Hoc|x86 = Ad-Hoc|x86
		AppStore|Any CPU = AppStore|Any CPU
		AppStore|ARM = AppStore|ARM
		AppStore|iPhone = AppStore|iPhone
		AppStore|iPhoneSimulator = AppStore|iPhoneSimulator
		AppStore|x64 = AppStore|x64
		AppStore|x86 = AppStore|x86
		Debug|Any CPU = Debug|Any CPU
		Debug|ARM = Debug|ARM
		Debug|iPhone = Debug|iPhone
		Debug|iPhoneSimulator = Debug|iPhoneSimulator
		Debug|x64 = Debug|x64
		Debug|x86 = Debug|x86
		Release|Any CPU = Release|Any CPU
		Release|ARM = Release|ARM
		Release|iPhone = Release|iPhone
		Release|iPhoneSimulator = Release|iPhoneSimulator
		Release|x64 = Release|x64
		Release|x86 = Release|x86
	EndGlobalSection
	GlobalSection(ProjectConfigurationPlatforms) = postSolution
		{FA8AD56A-5DC1-4FB9-AE72-FD36B6C5710C}.Ad-Hoc|Any CPU.ActiveCfg = Release|Any CPU
		{FA8AD56A-5DC1-4FB9-AE72-FD36B6C5710C}.Ad-Hoc|Any CPU.Build.0 = Release|Any CPU
		{FA8AD56A-5DC1-4FB9-AE72-FD36B6C5710C}.Ad-Hoc|ARM.ActiveCfg = Release|Any CPU
		{FA8AD56A-5DC1-4FB9-AE72-FD36B6C5710C}.Ad-Hoc|ARM.Build.0 = Release|Any CPU
		{FA8AD56A-5DC1-4FB9-AE72-FD36B6C5710C}.Ad-Hoc|iPhone.ActiveCfg = Release|Any CPU
		{FA8AD56A-5DC1-4FB9-AE72-FD36B6C5710C}.Ad-Hoc|iPhone.Build.0 = Release|Any CPU
		{FA8AD56A-5DC1-4FB9-AE72-FD36B6C5710C}.Ad-Hoc|iPhoneSimulator.ActiveCfg = Release|Any CPU
		{FA8AD56A-5DC1-4FB9-AE72-FD36B6C5710C}.Ad-Hoc|iPhoneSimulator.Build.0 = Release|Any CPU
		{FA8AD56A-5DC1-4FB9-AE72-FD36B6C5710C}.Ad-Hoc|x64.ActiveCfg = Release|Any CPU
		{FA8AD56A-5DC1-4FB9-AE72-FD36B6C5710C}.Ad-Hoc|x64.Build.0 = Release|Any CPU
		{FA8AD56A-5DC1-4FB9-AE72-FD36B6C5710C}.Ad-Hoc|x86.ActiveCfg = Release|Any CPU
		{FA8AD56A-5DC1-4FB9-AE72-FD36B6C5710C}.Ad-Hoc|x86.Build.0 = Release|Any CPU
		{FA8AD56A-5DC1-4FB9-AE72-FD36B6C5710C}.AppStore|Any CPU.ActiveCfg = Release|Any CPU
		{FA8AD56A-5DC1-4FB9-AE72-FD36B6C5710C}.AppStore|Any CPU.Build.0 = Release|Any CPU
		{FA8AD56A-5DC1-4FB9-AE72-FD36B6C5710C}.AppStore|ARM.ActiveCfg = Release|Any CPU
		{FA8AD56A-5DC1-4FB9-AE72-FD36B6C5710C}.AppStore|ARM.Build.0 = Release|Any CPU
		{FA8AD56A-5DC1-4FB9-AE72-FD36B6C5710C}.AppStore|iPhone.ActiveCfg = Release|Any CPU
		{FA8AD56A-5DC1-4FB9-AE72-FD36B6C5710C}.AppStore|iPhone.Build.0 = Release|Any CPU
		{FA8AD56A-5DC1-4FB9-AE72-FD36B6C5710C}.AppStore|iPhoneSimulator.ActiveCfg = Release|Any CPU
		{FA8AD56A-5DC1-4FB9-AE72-FD36B6C5710C}.AppStore|iPhoneSimulator.Build.0 = Release|Any CPU
		{FA8AD56A-5DC1-4FB9-AE72-FD36B6C5710C}.AppStore|x64.ActiveCfg = Release|Any CPU
		{FA8AD56A-5DC1-4FB9-AE72-FD36B6C5710C}.AppStore|x64.Build.0 = Release|Any CPU
		{FA8AD56A-5DC1-4FB9-AE72-FD36B6C5710C}.AppStore|x86.ActiveCfg = Release|Any CPU
		{FA8AD56A-5DC1-4FB9-AE72-FD36B6C5710C}.AppStore|x86.Build.0 = Release|Any CPU
		{FA8AD56A-5DC1-4FB9-AE72-FD36B6C5710C}.Debug|Any CPU.ActiveCfg = Debug|Any CPU
		{FA8AD56A-5DC1-4FB9-AE72-FD36B6C5710C}.Debug|Any CPU.Build.0 = Debug|Any CPU
		{FA8AD56A-5DC1-4FB9-AE72-FD36B6C5710C}.Debug|ARM.ActiveCfg = Debug|Any CPU
		{FA8AD56A-5DC1-4FB9-AE72-FD36B6C5710C}.Debug|ARM.Build.0 = Debug|Any CPU
		{FA8AD56A-5DC1-4FB9-AE72-FD36B6C5710C}.Debug|iPhone.ActiveCfg = Debug|Any CPU
		{FA8AD56A-5DC1-4FB9-AE72-FD36B6C5710C}.Debug|iPhone.Build.0 = Debug|Any CPU
		{FA8AD56A-5DC1-4FB9-AE72-FD36B6C5710C}.Debug|iPhoneSimulator.ActiveCfg = Debug|Any CPU
		{FA8AD56A-5DC1-4FB9-AE72-FD36B6C5710C}.Debug|iPhoneSimulator.Build.0 = Debug|Any CPU
		{FA8AD56A-5DC1-4FB9-AE72-FD36B6C5710C}.Debug|x64.ActiveCfg = Debug|Any CPU
		{FA8AD56A-5DC1-4FB9-AE72-FD36B6C5710C}.Debug|x64.Build.0 = Debug|Any CPU
		{FA8AD56A-5DC1-4FB9-AE72-FD36B6C5710C}.Debug|x86.ActiveCfg = Debug|Any CPU
		{FA8AD56A-5DC1-4FB9-AE72-FD36B6C5710C}.Debug|x86.Build.0 = Debug|Any CPU
		{FA8AD56A-5DC1-4FB9-AE72-FD36B6C5710C}.Release|Any CPU.ActiveCfg = Release|Any CPU
		{FA8AD56A-5DC1-4FB9-AE72-FD36B6C5710C}.Release|Any CPU.Build.0 = Release|Any CPU
		{FA8AD56A-5DC1-4FB9-AE72-FD36B6C5710C}.Release|ARM.ActiveCfg = Release|Any CPU
		{FA8AD56A-5DC1-4FB9-AE72-FD36B6C5710C}.Release|ARM.Build.0 = Release|Any CPU
		{FA8AD56A-5DC1-4FB9-AE72-FD36B6C5710C}.Release|iPhone.ActiveCfg = Release|Any CPU
		{FA8AD56A-5DC1-4FB9-AE72-FD36B6C5710C}.Release|iPhone.Build.0 = Release|Any CPU
		{FA8AD56A-5DC1-4FB9-AE72-FD36B6C5710C}.Release|iPhoneSimulator.ActiveCfg = Release|Any CPU
		{FA8AD56A-5DC1-4FB9-AE72-FD36B6C5710C}.Release|iPhoneSimulator.Build.0 = Release|Any CPU
		{FA8AD56A-5DC1-4FB9-AE72-FD36B6C5710C}.Release|x64.ActiveCfg = Release|Any CPU
		{FA8AD56A-5DC1-4FB9-AE72-FD36B6C5710C}.Release|x64.Build.0 = Release|Any CPU
		{FA8AD56A-5DC1-4FB9-AE72-FD36B6C5710C}.Release|x86.ActiveCfg = Release|Any CPU
		{FA8AD56A-5DC1-4FB9-AE72-FD36B6C5710C}.Release|x86.Build.0 = Release|Any CPU
		{1154F0F5-3AD5-4363-B5DC-BD2FAD471C76}.Ad-Hoc|Any CPU.ActiveCfg = Release|Any CPU
		{1154F0F5-3AD5-4363-B5DC-BD2FAD471C76}.Ad-Hoc|Any CPU.Build.0 = Release|Any CPU
		{1154F0F5-3AD5-4363-B5DC-BD2FAD471C76}.Ad-Hoc|Any CPU.Deploy.0 = Release|Any CPU
		{1154F0F5-3AD5-4363-B5DC-BD2FAD471C76}.Ad-Hoc|ARM.ActiveCfg = Release|Any CPU
		{1154F0F5-3AD5-4363-B5DC-BD2FAD471C76}.Ad-Hoc|ARM.Build.0 = Release|Any CPU
		{1154F0F5-3AD5-4363-B5DC-BD2FAD471C76}.Ad-Hoc|ARM.Deploy.0 = Release|Any CPU
		{1154F0F5-3AD5-4363-B5DC-BD2FAD471C76}.Ad-Hoc|iPhone.ActiveCfg = Release|Any CPU
		{1154F0F5-3AD5-4363-B5DC-BD2FAD471C76}.Ad-Hoc|iPhone.Build.0 = Release|Any CPU
		{1154F0F5-3AD5-4363-B5DC-BD2FAD471C76}.Ad-Hoc|iPhone.Deploy.0 = Release|Any CPU
		{1154F0F5-3AD5-4363-B5DC-BD2FAD471C76}.Ad-Hoc|iPhoneSimulator.ActiveCfg = Release|Any CPU
		{1154F0F5-3AD5-4363-B5DC-BD2FAD471C76}.Ad-Hoc|iPhoneSimulator.Build.0 = Release|Any CPU
		{1154F0F5-3AD5-4363-B5DC-BD2FAD471C76}.Ad-Hoc|iPhoneSimulator.Deploy.0 = Release|Any CPU
		{1154F0F5-3AD5-4363-B5DC-BD2FAD471C76}.Ad-Hoc|x64.ActiveCfg = Release|Any CPU
		{1154F0F5-3AD5-4363-B5DC-BD2FAD471C76}.Ad-Hoc|x64.Build.0 = Release|Any CPU
		{1154F0F5-3AD5-4363-B5DC-BD2FAD471C76}.Ad-Hoc|x64.Deploy.0 = Release|Any CPU
		{1154F0F5-3AD5-4363-B5DC-BD2FAD471C76}.Ad-Hoc|x86.ActiveCfg = Release|Any CPU
		{1154F0F5-3AD5-4363-B5DC-BD2FAD471C76}.Ad-Hoc|x86.Build.0 = Release|Any CPU
		{1154F0F5-3AD5-4363-B5DC-BD2FAD471C76}.Ad-Hoc|x86.Deploy.0 = Release|Any CPU
		{1154F0F5-3AD5-4363-B5DC-BD2FAD471C76}.AppStore|Any CPU.ActiveCfg = Release|Any CPU
		{1154F0F5-3AD5-4363-B5DC-BD2FAD471C76}.AppStore|Any CPU.Build.0 = Release|Any CPU
		{1154F0F5-3AD5-4363-B5DC-BD2FAD471C76}.AppStore|Any CPU.Deploy.0 = Release|Any CPU
		{1154F0F5-3AD5-4363-B5DC-BD2FAD471C76}.AppStore|ARM.ActiveCfg = Release|Any CPU
		{1154F0F5-3AD5-4363-B5DC-BD2FAD471C76}.AppStore|ARM.Build.0 = Release|Any CPU
		{1154F0F5-3AD5-4363-B5DC-BD2FAD471C76}.AppStore|ARM.Deploy.0 = Release|Any CPU
		{1154F0F5-3AD5-4363-B5DC-BD2FAD471C76}.AppStore|iPhone.ActiveCfg = Release|Any CPU
		{1154F0F5-3AD5-4363-B5DC-BD2FAD471C76}.AppStore|iPhone.Build.0 = Release|Any CPU
		{1154F0F5-3AD5-4363-B5DC-BD2FAD471C76}.AppStore|iPhone.Deploy.0 = Release|Any CPU
		{1154F0F5-3AD5-4363-B5DC-BD2FAD471C76}.AppStore|iPhoneSimulator.ActiveCfg = Release|Any CPU
		{1154F0F5-3AD5-4363-B5DC-BD2FAD471C76}.AppStore|iPhoneSimulator.Build.0 = Release|Any CPU
		{1154F0F5-3AD5-4363-B5DC-BD2FAD471C76}.AppStore|iPhoneSimulator.Deploy.0 = Release|Any CPU
		{1154F0F5-3AD5-4363-B5DC-BD2FAD471C76}.AppStore|x64.ActiveCfg = Release|Any CPU
		{1154F0F5-3AD5-4363-B5DC-BD2FAD471C76}.AppStore|x64.Build.0 = Release|Any CPU
		{1154F0F5-3AD5-4363-B5DC-BD2FAD471C76}.AppStore|x64.Deploy.0 = Release|Any CPU
		{1154F0F5-3AD5-4363-B5DC-BD2FAD471C76}.AppStore|x86.ActiveCfg = Release|Any CPU
		{1154F0F5-3AD5-4363-B5DC-BD2FAD471C76}.AppStore|x86.Build.0 = Release|Any CPU
		{1154F0F5-3AD5-4363-B5DC-BD2FAD471C76}.AppStore|x86.Deploy.0 = Release|Any CPU
		{1154F0F5-3AD5-4363-B5DC-BD2FAD471C76}.Debug|Any CPU.ActiveCfg = Debug|Any CPU
		{1154F0F5-3AD5-4363-B5DC-BD2FAD471C76}.Debug|Any CPU.Build.0 = Debug|Any CPU
		{1154F0F5-3AD5-4363-B5DC-BD2FAD471C76}.Debug|Any CPU.Deploy.0 = Debug|Any CPU
		{1154F0F5-3AD5-4363-B5DC-BD2FAD471C76}.Debug|ARM.ActiveCfg = Debug|Any CPU
		{1154F0F5-3AD5-4363-B5DC-BD2FAD471C76}.Debug|ARM.Build.0 = Debug|Any CPU
		{1154F0F5-3AD5-4363-B5DC-BD2FAD471C76}.Debug|ARM.Deploy.0 = Debug|Any CPU
		{1154F0F5-3AD5-4363-B5DC-BD2FAD471C76}.Debug|iPhone.ActiveCfg = Debug|Any CPU
		{1154F0F5-3AD5-4363-B5DC-BD2FAD471C76}.Debug|iPhone.Build.0 = Debug|Any CPU
		{1154F0F5-3AD5-4363-B5DC-BD2FAD471C76}.Debug|iPhone.Deploy.0 = Debug|Any CPU
		{1154F0F5-3AD5-4363-B5DC-BD2FAD471C76}.Debug|iPhoneSimulator.ActiveCfg = Debug|Any CPU
		{1154F0F5-3AD5-4363-B5DC-BD2FAD471C76}.Debug|iPhoneSimulator.Build.0 = Debug|Any CPU
		{1154F0F5-3AD5-4363-B5DC-BD2FAD471C76}.Debug|iPhoneSimulator.Deploy.0 = Debug|Any CPU
		{1154F0F5-3AD5-4363-B5DC-BD2FAD471C76}.Debug|x64.ActiveCfg = Debug|Any CPU
		{1154F0F5-3AD5-4363-B5DC-BD2FAD471C76}.Debug|x64.Build.0 = Debug|Any CPU
		{1154F0F5-3AD5-4363-B5DC-BD2FAD471C76}.Debug|x64.Deploy.0 = Debug|Any CPU
		{1154F0F5-3AD5-4363-B5DC-BD2FAD471C76}.Debug|x86.ActiveCfg = Debug|Any CPU
		{1154F0F5-3AD5-4363-B5DC-BD2FAD471C76}.Debug|x86.Build.0 = Debug|Any CPU
		{1154F0F5-3AD5-4363-B5DC-BD2FAD471C76}.Debug|x86.Deploy.0 = Debug|Any CPU
		{1154F0F5-3AD5-4363-B5DC-BD2FAD471C76}.Release|Any CPU.ActiveCfg = Release|Any CPU
		{1154F0F5-3AD5-4363-B5DC-BD2FAD471C76}.Release|Any CPU.Build.0 = Release|Any CPU
		{1154F0F5-3AD5-4363-B5DC-BD2FAD471C76}.Release|Any CPU.Deploy.0 = Release|Any CPU
		{1154F0F5-3AD5-4363-B5DC-BD2FAD471C76}.Release|ARM.ActiveCfg = Release|Any CPU
		{1154F0F5-3AD5-4363-B5DC-BD2FAD471C76}.Release|ARM.Build.0 = Release|Any CPU
		{1154F0F5-3AD5-4363-B5DC-BD2FAD471C76}.Release|ARM.Deploy.0 = Release|Any CPU
		{1154F0F5-3AD5-4363-B5DC-BD2FAD471C76}.Release|iPhone.ActiveCfg = Release|Any CPU
		{1154F0F5-3AD5-4363-B5DC-BD2FAD471C76}.Release|iPhone.Build.0 = Release|Any CPU
		{1154F0F5-3AD5-4363-B5DC-BD2FAD471C76}.Release|iPhone.Deploy.0 = Release|Any CPU
		{1154F0F5-3AD5-4363-B5DC-BD2FAD471C76}.Release|iPhoneSimulator.ActiveCfg = Release|Any CPU
		{1154F0F5-3AD5-4363-B5DC-BD2FAD471C76}.Release|iPhoneSimulator.Build.0 = Release|Any CPU
		{1154F0F5-3AD5-4363-B5DC-BD2FAD471C76}.Release|iPhoneSimulator.Deploy.0 = Release|Any CPU
		{1154F0F5-3AD5-4363-B5DC-BD2FAD471C76}.Release|x64.ActiveCfg = Release|Any CPU
		{1154F0F5-3AD5-4363-B5DC-BD2FAD471C76}.Release|x64.Build.0 = Release|Any CPU
		{1154F0F5-3AD5-4363-B5DC-BD2FAD471C76}.Release|x64.Deploy.0 = Release|Any CPU
		{1154F0F5-3AD5-4363-B5DC-BD2FAD471C76}.Release|x86.ActiveCfg = Release|Any CPU
		{1154F0F5-3AD5-4363-B5DC-BD2FAD471C76}.Release|x86.Build.0 = Release|Any CPU
		{1154F0F5-3AD5-4363-B5DC-BD2FAD471C76}.Release|x86.Deploy.0 = Release|Any CPU
		{3E685F73-F60D-44D4-BCE8-EDB78A50ADE4}.Ad-Hoc|Any CPU.ActiveCfg = Ad-Hoc|iPhone
		{3E685F73-F60D-44D4-BCE8-EDB78A50ADE4}.Ad-Hoc|ARM.ActiveCfg = Ad-Hoc|iPhone
		{3E685F73-F60D-44D4-BCE8-EDB78A50ADE4}.Ad-Hoc|iPhone.ActiveCfg = Ad-Hoc|iPhone
		{3E685F73-F60D-44D4-BCE8-EDB78A50ADE4}.Ad-Hoc|iPhone.Build.0 = Ad-Hoc|iPhone
		{3E685F73-F60D-44D4-BCE8-EDB78A50ADE4}.Ad-Hoc|iPhoneSimulator.ActiveCfg = Ad-Hoc|iPhoneSimulator
		{3E685F73-F60D-44D4-BCE8-EDB78A50ADE4}.Ad-Hoc|iPhoneSimulator.Build.0 = Ad-Hoc|iPhoneSimulator
		{3E685F73-F60D-44D4-BCE8-EDB78A50ADE4}.Ad-Hoc|x64.ActiveCfg = Ad-Hoc|iPhone
		{3E685F73-F60D-44D4-BCE8-EDB78A50ADE4}.Ad-Hoc|x86.ActiveCfg = Ad-Hoc|iPhone
		{3E685F73-F60D-44D4-BCE8-EDB78A50ADE4}.AppStore|Any CPU.ActiveCfg = AppStore|iPhone
		{3E685F73-F60D-44D4-BCE8-EDB78A50ADE4}.AppStore|ARM.ActiveCfg = AppStore|iPhone
		{3E685F73-F60D-44D4-BCE8-EDB78A50ADE4}.AppStore|iPhone.ActiveCfg = AppStore|iPhone
		{3E685F73-F60D-44D4-BCE8-EDB78A50ADE4}.AppStore|iPhone.Build.0 = AppStore|iPhone
		{3E685F73-F60D-44D4-BCE8-EDB78A50ADE4}.AppStore|iPhoneSimulator.ActiveCfg = AppStore|iPhoneSimulator
		{3E685F73-F60D-44D4-BCE8-EDB78A50ADE4}.AppStore|iPhoneSimulator.Build.0 = AppStore|iPhoneSimulator
		{3E685F73-F60D-44D4-BCE8-EDB78A50ADE4}.AppStore|x64.ActiveCfg = AppStore|iPhone
		{3E685F73-F60D-44D4-BCE8-EDB78A50ADE4}.AppStore|x86.ActiveCfg = AppStore|iPhone
		{3E685F73-F60D-44D4-BCE8-EDB78A50ADE4}.Debug|Any CPU.ActiveCfg = Debug|iPhone
		{3E685F73-F60D-44D4-BCE8-EDB78A50ADE4}.Debug|ARM.ActiveCfg = Debug|iPhone
		{3E685F73-F60D-44D4-BCE8-EDB78A50ADE4}.Debug|iPhone.ActiveCfg = Debug|iPhone
		{3E685F73-F60D-44D4-BCE8-EDB78A50ADE4}.Debug|iPhone.Build.0 = Debug|iPhone
		{3E685F73-F60D-44D4-BCE8-EDB78A50ADE4}.Debug|iPhoneSimulator.ActiveCfg = Debug|iPhoneSimulator
		{3E685F73-F60D-44D4-BCE8-EDB78A50ADE4}.Debug|iPhoneSimulator.Build.0 = Debug|iPhoneSimulator
		{3E685F73-F60D-44D4-BCE8-EDB78A50ADE4}.Debug|x64.ActiveCfg = Debug|iPhone
		{3E685F73-F60D-44D4-BCE8-EDB78A50ADE4}.Debug|x86.ActiveCfg = Debug|iPhone
		{3E685F73-F60D-44D4-BCE8-EDB78A50ADE4}.Release|Any CPU.ActiveCfg = Release|iPhone
		{3E685F73-F60D-44D4-BCE8-EDB78A50ADE4}.Release|ARM.ActiveCfg = Release|iPhone
		{3E685F73-F60D-44D4-BCE8-EDB78A50ADE4}.Release|iPhone.ActiveCfg = Release|iPhone
		{3E685F73-F60D-44D4-BCE8-EDB78A50ADE4}.Release|iPhone.Build.0 = Release|iPhone
		{3E685F73-F60D-44D4-BCE8-EDB78A50ADE4}.Release|iPhoneSimulator.ActiveCfg = Release|iPhoneSimulator
		{3E685F73-F60D-44D4-BCE8-EDB78A50ADE4}.Release|iPhoneSimulator.Build.0 = Release|iPhoneSimulator
		{3E685F73-F60D-44D4-BCE8-EDB78A50ADE4}.Release|x64.ActiveCfg = Release|iPhone
		{3E685F73-F60D-44D4-BCE8-EDB78A50ADE4}.Release|x86.ActiveCfg = Release|iPhone
		{D843B3FE-DEC4-4940-B0A4-12B8A9731812}.Ad-Hoc|Any CPU.ActiveCfg = Release|Any CPU
		{D843B3FE-DEC4-4940-B0A4-12B8A9731812}.Ad-Hoc|Any CPU.Build.0 = Release|Any CPU
		{D843B3FE-DEC4-4940-B0A4-12B8A9731812}.Ad-Hoc|Any CPU.Deploy.0 = Release|Any CPU
		{D843B3FE-DEC4-4940-B0A4-12B8A9731812}.Ad-Hoc|ARM.ActiveCfg = Release|ARM
		{D843B3FE-DEC4-4940-B0A4-12B8A9731812}.Ad-Hoc|ARM.Build.0 = Release|ARM
		{D843B3FE-DEC4-4940-B0A4-12B8A9731812}.Ad-Hoc|ARM.Deploy.0 = Release|ARM
		{D843B3FE-DEC4-4940-B0A4-12B8A9731812}.Ad-Hoc|iPhone.ActiveCfg = Release|Any CPU
		{D843B3FE-DEC4-4940-B0A4-12B8A9731812}.Ad-Hoc|iPhone.Build.0 = Release|Any CPU
		{D843B3FE-DEC4-4940-B0A4-12B8A9731812}.Ad-Hoc|iPhone.Deploy.0 = Release|Any CPU
		{D843B3FE-DEC4-4940-B0A4-12B8A9731812}.Ad-Hoc|iPhoneSimulator.ActiveCfg = Release|Any CPU
		{D843B3FE-DEC4-4940-B0A4-12B8A9731812}.Ad-Hoc|iPhoneSimulator.Build.0 = Release|Any CPU
		{D843B3FE-DEC4-4940-B0A4-12B8A9731812}.Ad-Hoc|iPhoneSimulator.Deploy.0 = Release|Any CPU
		{D843B3FE-DEC4-4940-B0A4-12B8A9731812}.Ad-Hoc|x64.ActiveCfg = Release|Any CPU
		{D843B3FE-DEC4-4940-B0A4-12B8A9731812}.Ad-Hoc|x64.Build.0 = Release|Any CPU
		{D843B3FE-DEC4-4940-B0A4-12B8A9731812}.Ad-Hoc|x64.Deploy.0 = Release|Any CPU
		{D843B3FE-DEC4-4940-B0A4-12B8A9731812}.Ad-Hoc|x86.ActiveCfg = Release|x86
		{D843B3FE-DEC4-4940-B0A4-12B8A9731812}.Ad-Hoc|x86.Build.0 = Release|x86
		{D843B3FE-DEC4-4940-B0A4-12B8A9731812}.Ad-Hoc|x86.Deploy.0 = Release|x86
		{D843B3FE-DEC4-4940-B0A4-12B8A9731812}.AppStore|Any CPU.ActiveCfg = Release|Any CPU
		{D843B3FE-DEC4-4940-B0A4-12B8A9731812}.AppStore|Any CPU.Build.0 = Release|Any CPU
		{D843B3FE-DEC4-4940-B0A4-12B8A9731812}.AppStore|Any CPU.Deploy.0 = Release|Any CPU
		{D843B3FE-DEC4-4940-B0A4-12B8A9731812}.AppStore|ARM.ActiveCfg = Release|ARM
		{D843B3FE-DEC4-4940-B0A4-12B8A9731812}.AppStore|ARM.Build.0 = Release|ARM
		{D843B3FE-DEC4-4940-B0A4-12B8A9731812}.AppStore|ARM.Deploy.0 = Release|ARM
		{D843B3FE-DEC4-4940-B0A4-12B8A9731812}.AppStore|iPhone.ActiveCfg = Release|Any CPU
		{D843B3FE-DEC4-4940-B0A4-12B8A9731812}.AppStore|iPhone.Build.0 = Release|Any CPU
		{D843B3FE-DEC4-4940-B0A4-12B8A9731812}.AppStore|iPhone.Deploy.0 = Release|Any CPU
		{D843B3FE-DEC4-4940-B0A4-12B8A9731812}.AppStore|iPhoneSimulator.ActiveCfg = Release|Any CPU
		{D843B3FE-DEC4-4940-B0A4-12B8A9731812}.AppStore|iPhoneSimulator.Build.0 = Release|Any CPU
		{D843B3FE-DEC4-4940-B0A4-12B8A9731812}.AppStore|iPhoneSimulator.Deploy.0 = Release|Any CPU
		{D843B3FE-DEC4-4940-B0A4-12B8A9731812}.AppStore|x64.ActiveCfg = Release|Any CPU
		{D843B3FE-DEC4-4940-B0A4-12B8A9731812}.AppStore|x64.Build.0 = Release|Any CPU
		{D843B3FE-DEC4-4940-B0A4-12B8A9731812}.AppStore|x64.Deploy.0 = Release|Any CPU
		{D843B3FE-DEC4-4940-B0A4-12B8A9731812}.AppStore|x86.ActiveCfg = Release|x86
		{D843B3FE-DEC4-4940-B0A4-12B8A9731812}.AppStore|x86.Build.0 = Release|x86
		{D843B3FE-DEC4-4940-B0A4-12B8A9731812}.AppStore|x86.Deploy.0 = Release|x86
		{D843B3FE-DEC4-4940-B0A4-12B8A9731812}.Debug|Any CPU.ActiveCfg = Debug|Any CPU
		{D843B3FE-DEC4-4940-B0A4-12B8A9731812}.Debug|Any CPU.Build.0 = Debug|Any CPU
		{D843B3FE-DEC4-4940-B0A4-12B8A9731812}.Debug|Any CPU.Deploy.0 = Debug|Any CPU
		{D843B3FE-DEC4-4940-B0A4-12B8A9731812}.Debug|ARM.ActiveCfg = Debug|ARM
		{D843B3FE-DEC4-4940-B0A4-12B8A9731812}.Debug|ARM.Build.0 = Debug|ARM
		{D843B3FE-DEC4-4940-B0A4-12B8A9731812}.Debug|ARM.Deploy.0 = Debug|ARM
		{D843B3FE-DEC4-4940-B0A4-12B8A9731812}.Debug|iPhone.ActiveCfg = Debug|Any CPU
		{D843B3FE-DEC4-4940-B0A4-12B8A9731812}.Debug|iPhone.Build.0 = Debug|Any CPU
		{D843B3FE-DEC4-4940-B0A4-12B8A9731812}.Debug|iPhone.Deploy.0 = Debug|Any CPU
		{D843B3FE-DEC4-4940-B0A4-12B8A9731812}.Debug|iPhoneSimulator.ActiveCfg = Debug|Any CPU
		{D843B3FE-DEC4-4940-B0A4-12B8A9731812}.Debug|iPhoneSimulator.Build.0 = Debug|Any CPU
		{D843B3FE-DEC4-4940-B0A4-12B8A9731812}.Debug|iPhoneSimulator.Deploy.0 = Debug|Any CPU
		{D843B3FE-DEC4-4940-B0A4-12B8A9731812}.Debug|x64.ActiveCfg = Debug|Any CPU
		{D843B3FE-DEC4-4940-B0A4-12B8A9731812}.Debug|x64.Build.0 = Debug|Any CPU
		{D843B3FE-DEC4-4940-B0A4-12B8A9731812}.Debug|x64.Deploy.0 = Debug|Any CPU
		{D843B3FE-DEC4-4940-B0A4-12B8A9731812}.Debug|x86.ActiveCfg = Debug|x86
		{D843B3FE-DEC4-4940-B0A4-12B8A9731812}.Debug|x86.Build.0 = Debug|x86
		{D843B3FE-DEC4-4940-B0A4-12B8A9731812}.Debug|x86.Deploy.0 = Debug|x86
		{D843B3FE-DEC4-4940-B0A4-12B8A9731812}.Release|Any CPU.ActiveCfg = Release|Any CPU
		{D843B3FE-DEC4-4940-B0A4-12B8A9731812}.Release|Any CPU.Build.0 = Release|Any CPU
		{D843B3FE-DEC4-4940-B0A4-12B8A9731812}.Release|Any CPU.Deploy.0 = Release|Any CPU
		{D843B3FE-DEC4-4940-B0A4-12B8A9731812}.Release|ARM.ActiveCfg = Release|ARM
		{D843B3FE-DEC4-4940-B0A4-12B8A9731812}.Release|ARM.Build.0 = Release|ARM
		{D843B3FE-DEC4-4940-B0A4-12B8A9731812}.Release|ARM.Deploy.0 = Release|ARM
		{D843B3FE-DEC4-4940-B0A4-12B8A9731812}.Release|iPhone.ActiveCfg = Release|Any CPU
		{D843B3FE-DEC4-4940-B0A4-12B8A9731812}.Release|iPhone.Build.0 = Release|Any CPU
		{D843B3FE-DEC4-4940-B0A4-12B8A9731812}.Release|iPhone.Deploy.0 = Release|Any CPU
		{D843B3FE-DEC4-4940-B0A4-12B8A9731812}.Release|iPhoneSimulator.ActiveCfg = Release|Any CPU
		{D843B3FE-DEC4-4940-B0A4-12B8A9731812}.Release|iPhoneSimulator.Build.0 = Release|Any CPU
		{D843B3FE-DEC4-4940-B0A4-12B8A9731812}.Release|iPhoneSimulator.Deploy.0 = Release|Any CPU
		{D843B3FE-DEC4-4940-B0A4-12B8A9731812}.Release|x64.ActiveCfg = Release|Any CPU
		{D843B3FE-DEC4-4940-B0A4-12B8A9731812}.Release|x64.Build.0 = Release|Any CPU
		{D843B3FE-DEC4-4940-B0A4-12B8A9731812}.Release|x64.Deploy.0 = Release|Any CPU
		{D843B3FE-DEC4-4940-B0A4-12B8A9731812}.Release|x86.ActiveCfg = Release|x86
		{D843B3FE-DEC4-4940-B0A4-12B8A9731812}.Release|x86.Build.0 = Release|x86
		{D843B3FE-DEC4-4940-B0A4-12B8A9731812}.Release|x86.Deploy.0 = Release|x86
		{DF6B14E5-9082-4925-B028-BE202F69F43D}.Ad-Hoc|Any CPU.ActiveCfg = Release|Any CPU
		{DF6B14E5-9082-4925-B028-BE202F69F43D}.Ad-Hoc|Any CPU.Build.0 = Release|Any CPU
		{DF6B14E5-9082-4925-B028-BE202F69F43D}.Ad-Hoc|Any CPU.Deploy.0 = Release|Any CPU
		{DF6B14E5-9082-4925-B028-BE202F69F43D}.Ad-Hoc|ARM.ActiveCfg = Release|ARM
		{DF6B14E5-9082-4925-B028-BE202F69F43D}.Ad-Hoc|ARM.Build.0 = Release|ARM
		{DF6B14E5-9082-4925-B028-BE202F69F43D}.Ad-Hoc|ARM.Deploy.0 = Release|ARM
		{DF6B14E5-9082-4925-B028-BE202F69F43D}.Ad-Hoc|iPhone.ActiveCfg = Release|Any CPU
		{DF6B14E5-9082-4925-B028-BE202F69F43D}.Ad-Hoc|iPhone.Build.0 = Release|Any CPU
		{DF6B14E5-9082-4925-B028-BE202F69F43D}.Ad-Hoc|iPhone.Deploy.0 = Release|Any CPU
		{DF6B14E5-9082-4925-B028-BE202F69F43D}.Ad-Hoc|iPhoneSimulator.ActiveCfg = Release|Any CPU
		{DF6B14E5-9082-4925-B028-BE202F69F43D}.Ad-Hoc|iPhoneSimulator.Build.0 = Release|Any CPU
		{DF6B14E5-9082-4925-B028-BE202F69F43D}.Ad-Hoc|iPhoneSimulator.Deploy.0 = Release|Any CPU
		{DF6B14E5-9082-4925-B028-BE202F69F43D}.Ad-Hoc|x64.ActiveCfg = Release|x64
		{DF6B14E5-9082-4925-B028-BE202F69F43D}.Ad-Hoc|x64.Build.0 = Release|x64
		{DF6B14E5-9082-4925-B028-BE202F69F43D}.Ad-Hoc|x64.Deploy.0 = Release|x64
		{DF6B14E5-9082-4925-B028-BE202F69F43D}.Ad-Hoc|x86.ActiveCfg = Release|x86
		{DF6B14E5-9082-4925-B028-BE202F69F43D}.Ad-Hoc|x86.Build.0 = Release|x86
		{DF6B14E5-9082-4925-B028-BE202F69F43D}.Ad-Hoc|x86.Deploy.0 = Release|x86
		{DF6B14E5-9082-4925-B028-BE202F69F43D}.AppStore|Any CPU.ActiveCfg = Release|Any CPU
		{DF6B14E5-9082-4925-B028-BE202F69F43D}.AppStore|Any CPU.Build.0 = Release|Any CPU
		{DF6B14E5-9082-4925-B028-BE202F69F43D}.AppStore|Any CPU.Deploy.0 = Release|Any CPU
		{DF6B14E5-9082-4925-B028-BE202F69F43D}.AppStore|ARM.ActiveCfg = Release|ARM
		{DF6B14E5-9082-4925-B028-BE202F69F43D}.AppStore|ARM.Build.0 = Release|ARM
		{DF6B14E5-9082-4925-B028-BE202F69F43D}.AppStore|ARM.Deploy.0 = Release|ARM
		{DF6B14E5-9082-4925-B028-BE202F69F43D}.AppStore|iPhone.ActiveCfg = Release|Any CPU
		{DF6B14E5-9082-4925-B028-BE202F69F43D}.AppStore|iPhone.Build.0 = Release|Any CPU
		{DF6B14E5-9082-4925-B028-BE202F69F43D}.AppStore|iPhone.Deploy.0 = Release|Any CPU
		{DF6B14E5-9082-4925-B028-BE202F69F43D}.AppStore|iPhoneSimulator.ActiveCfg = Release|Any CPU
		{DF6B14E5-9082-4925-B028-BE202F69F43D}.AppStore|iPhoneSimulator.Build.0 = Release|Any CPU
		{DF6B14E5-9082-4925-B028-BE202F69F43D}.AppStore|iPhoneSimulator.Deploy.0 = Release|Any CPU
		{DF6B14E5-9082-4925-B028-BE202F69F43D}.AppStore|x64.ActiveCfg = Release|x64
		{DF6B14E5-9082-4925-B028-BE202F69F43D}.AppStore|x64.Build.0 = Release|x64
		{DF6B14E5-9082-4925-B028-BE202F69F43D}.AppStore|x64.Deploy.0 = Release|x64
		{DF6B14E5-9082-4925-B028-BE202F69F43D}.AppStore|x86.ActiveCfg = Release|x86
		{DF6B14E5-9082-4925-B028-BE202F69F43D}.AppStore|x86.Build.0 = Release|x86
		{DF6B14E5-9082-4925-B028-BE202F69F43D}.AppStore|x86.Deploy.0 = Release|x86
		{DF6B14E5-9082-4925-B028-BE202F69F43D}.Debug|Any CPU.ActiveCfg = Debug|Any CPU
		{DF6B14E5-9082-4925-B028-BE202F69F43D}.Debug|Any CPU.Build.0 = Debug|Any CPU
		{DF6B14E5-9082-4925-B028-BE202F69F43D}.Debug|Any CPU.Deploy.0 = Debug|Any CPU
		{DF6B14E5-9082-4925-B028-BE202F69F43D}.Debug|ARM.ActiveCfg = Debug|ARM
		{DF6B14E5-9082-4925-B028-BE202F69F43D}.Debug|ARM.Build.0 = Debug|ARM
		{DF6B14E5-9082-4925-B028-BE202F69F43D}.Debug|ARM.Deploy.0 = Debug|ARM
		{DF6B14E5-9082-4925-B028-BE202F69F43D}.Debug|iPhone.ActiveCfg = Debug|Any CPU
		{DF6B14E5-9082-4925-B028-BE202F69F43D}.Debug|iPhone.Build.0 = Debug|Any CPU
		{DF6B14E5-9082-4925-B028-BE202F69F43D}.Debug|iPhone.Deploy.0 = Debug|Any CPU
		{DF6B14E5-9082-4925-B028-BE202F69F43D}.Debug|iPhoneSimulator.ActiveCfg = Debug|Any CPU
		{DF6B14E5-9082-4925-B028-BE202F69F43D}.Debug|iPhoneSimulator.Build.0 = Debug|Any CPU
		{DF6B14E5-9082-4925-B028-BE202F69F43D}.Debug|iPhoneSimulator.Deploy.0 = Debug|Any CPU
		{DF6B14E5-9082-4925-B028-BE202F69F43D}.Debug|x64.ActiveCfg = Debug|x64
		{DF6B14E5-9082-4925-B028-BE202F69F43D}.Debug|x64.Build.0 = Debug|x64
		{DF6B14E5-9082-4925-B028-BE202F69F43D}.Debug|x64.Deploy.0 = Debug|x64
		{DF6B14E5-9082-4925-B028-BE202F69F43D}.Debug|x86.ActiveCfg = Debug|x86
		{DF6B14E5-9082-4925-B028-BE202F69F43D}.Debug|x86.Build.0 = Debug|x86
		{DF6B14E5-9082-4925-B028-BE202F69F43D}.Debug|x86.Deploy.0 = Debug|x86
		{DF6B14E5-9082-4925-B028-BE202F69F43D}.Release|Any CPU.ActiveCfg = Release|Any CPU
		{DF6B14E5-9082-4925-B028-BE202F69F43D}.Release|Any CPU.Build.0 = Release|Any CPU
		{DF6B14E5-9082-4925-B028-BE202F69F43D}.Release|Any CPU.Deploy.0 = Release|Any CPU
		{DF6B14E5-9082-4925-B028-BE202F69F43D}.Release|ARM.ActiveCfg = Release|ARM
		{DF6B14E5-9082-4925-B028-BE202F69F43D}.Release|ARM.Build.0 = Release|ARM
		{DF6B14E5-9082-4925-B028-BE202F69F43D}.Release|ARM.Deploy.0 = Release|ARM
		{DF6B14E5-9082-4925-B028-BE202F69F43D}.Release|iPhone.ActiveCfg = Release|Any CPU
		{DF6B14E5-9082-4925-B028-BE202F69F43D}.Release|iPhone.Build.0 = Release|Any CPU
		{DF6B14E5-9082-4925-B028-BE202F69F43D}.Release|iPhone.Deploy.0 = Release|Any CPU
		{DF6B14E5-9082-4925-B028-BE202F69F43D}.Release|iPhoneSimulator.ActiveCfg = Release|Any CPU
		{DF6B14E5-9082-4925-B028-BE202F69F43D}.Release|iPhoneSimulator.Build.0 = Release|Any CPU
		{DF6B14E5-9082-4925-B028-BE202F69F43D}.Release|iPhoneSimulator.Deploy.0 = Release|Any CPU
		{DF6B14E5-9082-4925-B028-BE202F69F43D}.Release|x64.ActiveCfg = Release|x64
		{DF6B14E5-9082-4925-B028-BE202F69F43D}.Release|x64.Build.0 = Release|x64
		{DF6B14E5-9082-4925-B028-BE202F69F43D}.Release|x64.Deploy.0 = Release|x64
		{DF6B14E5-9082-4925-B028-BE202F69F43D}.Release|x86.ActiveCfg = Release|x86
		{DF6B14E5-9082-4925-B028-BE202F69F43D}.Release|x86.Build.0 = Release|x86
		{DF6B14E5-9082-4925-B028-BE202F69F43D}.Release|x86.Deploy.0 = Release|x86
	EndGlobalSection
	GlobalSection(SolutionProperties) = preSolution
		HideSolutionNode = FALSE
	EndGlobalSection
EndGlobal
